
Microsoft Visual Studio Solution File, Format Version 12.00
# Visual Studio Version 16
VisualStudioVersion = 16.0.32228.343
MinimumVisualStudioVersion = 10.0.40219.1
Project("{FAE04EC0-301F-11D3-BF4B-00C04F79EFBC}") = "MyPortfolio", "MyPortfolio\MyPortfolio.csproj", "{4FDD6DE2-94C1-47AB-8A04-CEF6E977B731}"
EndProject
Global
	GlobalSection(SolutionConfigurationPlatforms) = preSolution
		Debug|Any CPU = Debug|Any CPU
		Release|Any CPU = Release|Any CPU
	EndGlobalSection
	GlobalSection(ProjectConfigurationPlatforms) = postSolution
		{4FDD6DE2-94C1-47AB-8A04-CEF6E977B731}.Debug|Any CPU.ActiveCfg = Debug|Any CPU
		{4FDD6DE2-94C1-47AB-8A04-CEF6E977B731}.Debug|Any CPU.Build.0 = Debug|Any CPU
		{4FDD6DE2-94C1-47AB-8A04-CEF6E977B731}.Release|Any CPU.ActiveCfg = Release|Any CPU
		{4FDD6DE2-94C1-47AB-8A04-CEF6E977B731}.Release|Any CPU.Build.0 = Release|Any CPU
	EndGlobalSection
	GlobalSection(SolutionProperties) = preSolution
		HideSolutionNode = FALSE
	EndGlobalSection
	GlobalSection(ExtensibilityGlobals) = postSolution
		SolutionGuid = {842123E6-1A79-4DD5-A483-EA2D0B601CEA}
	EndGlobalSection
EndGlobal
